
Microsoft Visual Studio Solution File, Format Version 12.00
# Visual Studio 15
VisualStudioVersion = 15.0.26124.0
MinimumVisualStudioVersion = 15.0.26124.0
Project("{2150E333-8FDC-42A3-9474-1A3956D46DE8}") = "Examples", "Examples", "{2EDFD3FC-2D47-4A8E-B9DB-0A147BEDDFEE}"
EndProject
Project("{FAE04EC0-301F-11D3-BF4B-00C04F79EFBC}") = "LeagueGeneration", "Examples\LeagueGeneration\LeagueGeneration.csproj", "{54905CF7-37FA-4FED-AAC7-E98182DA39B8}"
EndProject
Project("{FAE04EC0-301F-11D3-BF4B-00C04F79EFBC}") = "NQueens", "Examples\NQueens\NQueens.csproj", "{5CF50406-F0D8-4C4A-AADB-3D5545E307A3}"
EndProject
Project("{FAE04EC0-301F-11D3-BF4B-00C04F79EFBC}") = "Optimisation", "Examples\Optimisation\Optimisation.csproj", "{D4E95266-7316-4FAA-9782-27A3A2E029C0}"
EndProject
Project("{FAE04EC0-301F-11D3-BF4B-00C04F79EFBC}") = "PhaseLockedLoop", "Examples\PhaseLockedLoop\PhaseLockedLoop.csproj", "{C61A55D4-6AD2-42BD-ACFC-27C808A5067B}"
EndProject
Project("{FAE04EC0-301F-11D3-BF4B-00C04F79EFBC}") = "SendMoreMoney", "Examples\SendMoreMoney\SendMoreMoney.csproj", "{9B1F3A3D-A601-4EDA-A982-92B25635958E}"
EndProject
Project("{FAE04EC0-301F-11D3-BF4B-00C04F79EFBC}") = "TeacherTimetable", "Examples\TeacherTimetable\TeacherTimetable.csproj", "{BB09FAFE-0350-4AC7-9E4B-E8F2EBDDC13E}"
EndProject
Project("{2150E333-8FDC-42A3-9474-1A3956D46DE8}") = "Tests", "Tests", "{7902AD35-1DFC-4B4F-982C-95B3892FBED2}"
EndProject
Project("{FAE04EC0-301F-11D3-BF4B-00C04F79EFBC}") = "Acceptance", "Tests\Acceptance\Acceptance.csproj", "{98E9F1D7-0980-494C-9582-3AC83FAF17E1}"
EndProject
Project("{FAE04EC0-301F-11D3-BF4B-00C04F79EFBC}") = "Unit", "Tests\Unit\Unit.csproj", "{EABB32AC-D4CF-4C7F-87FE-7D4164794279}"
EndProject
Project("{FAE04EC0-301F-11D3-BF4B-00C04F79EFBC}") = "Csp", "Csp\Csp.csproj", "{351C9B15-BFBC-4CEA-92EA-13B39FE66ED7}"
EndProject
Project("{F2A71F9B-5D33-465A-A702-920D77279786}") = "FSharp", "Examples\FSharp\FSharp.fsproj", "{74B1C485-3620-486E-9C88-FB0BEAE29DB4}"
EndProject
Global
	GlobalSection(SolutionConfigurationPlatforms) = preSolution
		Debug|Any CPU = Debug|Any CPU
		Debug|x64 = Debug|x64
		Debug|x86 = Debug|x86
		Release|Any CPU = Release|Any CPU
		Release|x64 = Release|x64
		Release|x86 = Release|x86
	EndGlobalSection
	GlobalSection(SolutionProperties) = preSolution
		HideSolutionNode = FALSE
	EndGlobalSection
	GlobalSection(ProjectConfigurationPlatforms) = postSolution
		{54905CF7-37FA-4FED-AAC7-E98182DA39B8}.Debug|Any CPU.ActiveCfg = Debug|Any CPU
		{54905CF7-37FA-4FED-AAC7-E98182DA39B8}.Debug|Any CPU.Build.0 = Debug|Any CPU
		{54905CF7-37FA-4FED-AAC7-E98182DA39B8}.Debug|x64.ActiveCfg = Debug|Any CPU
		{54905CF7-37FA-4FED-AAC7-E98182DA39B8}.Debug|x64.Build.0 = Debug|Any CPU
		{54905CF7-37FA-4FED-AAC7-E98182DA39B8}.Debug|x86.ActiveCfg = Debug|Any CPU
		{54905CF7-37FA-4FED-AAC7-E98182DA39B8}.Debug|x86.Build.0 = Debug|Any CPU
		{54905CF7-37FA-4FED-AAC7-E98182DA39B8}.Release|Any CPU.ActiveCfg = Release|Any CPU
		{54905CF7-37FA-4FED-AAC7-E98182DA39B8}.Release|Any CPU.Build.0 = Release|Any CPU
		{54905CF7-37FA-4FED-AAC7-E98182DA39B8}.Release|x64.ActiveCfg = Release|Any CPU
		{54905CF7-37FA-4FED-AAC7-E98182DA39B8}.Release|x64.Build.0 = Release|Any CPU
		{54905CF7-37FA-4FED-AAC7-E98182DA39B8}.Release|x86.ActiveCfg = Release|Any CPU
		{54905CF7-37FA-4FED-AAC7-E98182DA39B8}.Release|x86.Build.0 = Release|Any CPU
		{5CF50406-F0D8-4C4A-AADB-3D5545E307A3}.Debug|Any CPU.ActiveCfg = Debug|Any CPU
		{5CF50406-F0D8-4C4A-AADB-3D5545E307A3}.Debug|Any CPU.Build.0 = Debug|Any CPU
		{5CF50406-F0D8-4C4A-AADB-3D5545E307A3}.Debug|x64.ActiveCfg = Debug|Any CPU
		{5CF50406-F0D8-4C4A-AADB-3D5545E307A3}.Debug|x64.Build.0 = Debug|Any CPU
		{5CF50406-F0D8-4C4A-AADB-3D5545E307A3}.Debug|x86.ActiveCfg = Debug|Any CPU
		{5CF50406-F0D8-4C4A-AADB-3D5545E307A3}.Debug|x86.Build.0 = Debug|Any CPU
		{5CF50406-F0D8-4C4A-AADB-3D5545E307A3}.Release|Any CPU.ActiveCfg = Release|Any CPU
		{5CF50406-F0D8-4C4A-AADB-3D5545E307A3}.Release|Any CPU.Build.0 = Release|Any CPU
		{5CF50406-F0D8-4C4A-AADB-3D5545E307A3}.Release|x64.ActiveCfg = Release|Any CPU
		{5CF50406-F0D8-4C4A-AADB-3D5545E307A3}.Release|x64.Build.0 = Release|Any CPU
		{5CF50406-F0D8-4C4A-AADB-3D5545E307A3}.Release|x86.ActiveCfg = Release|Any CPU
		{5CF50406-F0D8-4C4A-AADB-3D5545E307A3}.Release|x86.Build.0 = Release|Any CPU
		{D4E95266-7316-4FAA-9782-27A3A2E029C0}.Debug|Any CPU.ActiveCfg = Debug|Any CPU
		{D4E95266-7316-4FAA-9782-27A3A2E029C0}.Debug|Any CPU.Build.0 = Debug|Any CPU
		{D4E95266-7316-4FAA-9782-27A3A2E029C0}.Debug|x64.ActiveCfg = Debug|Any CPU
		{D4E95266-7316-4FAA-9782-27A3A2E029C0}.Debug|x64.Build.0 = Debug|Any CPU
		{D4E95266-7316-4FAA-9782-27A3A2E029C0}.Debug|x86.ActiveCfg = Debug|Any CPU
		{D4E95266-7316-4FAA-9782-27A3A2E029C0}.Debug|x86.Build.0 = Debug|Any CPU
		{D4E95266-7316-4FAA-9782-27A3A2E029C0}.Release|Any CPU.ActiveCfg = Release|Any CPU
		{D4E95266-7316-4FAA-9782-27A3A2E029C0}.Release|Any CPU.Build.0 = Release|Any CPU
		{D4E95266-7316-4FAA-9782-27A3A2E029C0}.Release|x64.ActiveCfg = Release|Any CPU
		{D4E95266-7316-4FAA-9782-27A3A2E029C0}.Release|x64.Build.0 = Release|Any CPU
		{D4E95266-7316-4FAA-9782-27A3A2E029C0}.Release|x86.ActiveCfg = Release|Any CPU
		{D4E95266-7316-4FAA-9782-27A3A2E029C0}.Release|x86.Build.0 = Release|Any CPU
		{C61A55D4-6AD2-42BD-ACFC-27C808A5067B}.Debug|Any CPU.ActiveCfg = Debug|Any CPU
		{C61A55D4-6AD2-42BD-ACFC-27C808A5067B}.Debug|Any CPU.Build.0 = Debug|Any CPU
		{C61A55D4-6AD2-42BD-ACFC-27C808A5067B}.Debug|x64.ActiveCfg = Debug|Any CPU
		{C61A55D4-6AD2-42BD-ACFC-27C808A5067B}.Debug|x64.Build.0 = Debug|Any CPU
		{C61A55D4-6AD2-42BD-ACFC-27C808A5067B}.Debug|x86.ActiveCfg = Debug|Any CPU
		{C61A55D4-6AD2-42BD-ACFC-27C808A5067B}.Debug|x86.Build.0 = Debug|Any CPU
		{C61A55D4-6AD2-42BD-ACFC-27C808A5067B}.Release|Any CPU.ActiveCfg = Release|Any CPU
		{C61A55D4-6AD2-42BD-ACFC-27C808A5067B}.Release|Any CPU.Build.0 = Release|Any CPU
		{C61A55D4-6AD2-42BD-ACFC-27C808A5067B}.Release|x64.ActiveCfg = Release|Any CPU
		{C61A55D4-6AD2-42BD-ACFC-27C808A5067B}.Release|x64.Build.0 = Release|Any CPU
		{C61A55D4-6AD2-42BD-ACFC-27C808A5067B}.Release|x86.ActiveCfg = Release|Any CPU
		{C61A55D4-6AD2-42BD-ACFC-27C808A5067B}.Release|x86.Build.0 = Release|Any CPU
		{9B1F3A3D-A601-4EDA-A982-92B25635958E}.Debug|Any CPU.ActiveCfg = Debug|Any CPU
		{9B1F3A3D-A601-4EDA-A982-92B25635958E}.Debug|Any CPU.Build.0 = Debug|Any CPU
		{9B1F3A3D-A601-4EDA-A982-92B25635958E}.Debug|x64.ActiveCfg = Debug|Any CPU
		{9B1F3A3D-A601-4EDA-A982-92B25635958E}.Debug|x64.Build.0 = Debug|Any CPU
		{9B1F3A3D-A601-4EDA-A982-92B25635958E}.Debug|x86.ActiveCfg = Debug|Any CPU
		{9B1F3A3D-A601-4EDA-A982-92B25635958E}.Debug|x86.Build.0 = Debug|Any CPU
		{9B1F3A3D-A601-4EDA-A982-92B25635958E}.Release|Any CPU.ActiveCfg = Release|Any CPU
		{9B1F3A3D-A601-4EDA-A982-92B25635958E}.Release|Any CPU.Build.0 = Release|Any CPU
		{9B1F3A3D-A601-4EDA-A982-92B25635958E}.Release|x64.ActiveCfg = Release|Any CPU
		{9B1F3A3D-A601-4EDA-A982-92B25635958E}.Release|x64.Build.0 = Release|Any CPU
		{9B1F3A3D-A601-4EDA-A982-92B25635958E}.Release|x86.ActiveCfg = Release|Any CPU
		{9B1F3A3D-A601-4EDA-A982-92B25635958E}.Release|x86.Build.0 = Release|Any CPU
		{BB09FAFE-0350-4AC7-9E4B-E8F2EBDDC13E}.Debug|Any CPU.ActiveCfg = Debug|Any CPU
		{BB09FAFE-0350-4AC7-9E4B-E8F2EBDDC13E}.Debug|Any CPU.Build.0 = Debug|Any CPU
		{BB09FAFE-0350-4AC7-9E4B-E8F2EBDDC13E}.Debug|x64.ActiveCfg = Debug|Any CPU
		{BB09FAFE-0350-4AC7-9E4B-E8F2EBDDC13E}.Debug|x64.Build.0 = Debug|Any CPU
		{BB09FAFE-0350-4AC7-9E4B-E8F2EBDDC13E}.Debug|x86.ActiveCfg = Debug|Any CPU
		{BB09FAFE-0350-4AC7-9E4B-E8F2EBDDC13E}.Debug|x86.Build.0 = Debug|Any CPU
		{BB09FAFE-0350-4AC7-9E4B-E8F2EBDDC13E}.Release|Any CPU.ActiveCfg = Release|Any CPU
		{BB09FAFE-0350-4AC7-9E4B-E8F2EBDDC13E}.Release|Any CPU.Build.0 = Release|Any CPU
		{BB09FAFE-0350-4AC7-9E4B-E8F2EBDDC13E}.Release|x64.ActiveCfg = Release|Any CPU
		{BB09FAFE-0350-4AC7-9E4B-E8F2EBDDC13E}.Release|x64.Build.0 = Release|Any CPU
		{BB09FAFE-0350-4AC7-9E4B-E8F2EBDDC13E}.Release|x86.ActiveCfg = Release|Any CPU
		{BB09FAFE-0350-4AC7-9E4B-E8F2EBDDC13E}.Release|x86.Build.0 = Release|Any CPU
		{98E9F1D7-0980-494C-9582-3AC83FAF17E1}.Debug|Any CPU.ActiveCfg = Debug|Any CPU
		{98E9F1D7-0980-494C-9582-3AC83FAF17E1}.Debug|Any CPU.Build.0 = Debug|Any CPU
		{98E9F1D7-0980-494C-9582-3AC83FAF17E1}.Debug|x64.ActiveCfg = Debug|Any CPU
		{98E9F1D7-0980-494C-9582-3AC83FAF17E1}.Debug|x64.Build.0 = Debug|Any CPU
		{98E9F1D7-0980-494C-9582-3AC83FAF17E1}.Debug|x86.ActiveCfg = Debug|Any CPU
		{98E9F1D7-0980-494C-9582-3AC83FAF17E1}.Debug|x86.Build.0 = Debug|Any CPU
		{98E9F1D7-0980-494C-9582-3AC83FAF17E1}.Release|Any CPU.ActiveCfg = Release|Any CPU
		{98E9F1D7-0980-494C-9582-3AC83FAF17E1}.Release|Any CPU.Build.0 = Release|Any CPU
		{98E9F1D7-0980-494C-9582-3AC83FAF17E1}.Release|x64.ActiveCfg = Release|Any CPU
		{98E9F1D7-0980-494C-9582-3AC83FAF17E1}.Release|x64.Build.0 = Release|Any CPU
		{98E9F1D7-0980-494C-9582-3AC83FAF17E1}.Release|x86.ActiveCfg = Release|Any CPU
		{98E9F1D7-0980-494C-9582-3AC83FAF17E1}.Release|x86.Build.0 = Release|Any CPU
		{EABB32AC-D4CF-4C7F-87FE-7D4164794279}.Debug|Any CPU.ActiveCfg = Debug|Any CPU
		{EABB32AC-D4CF-4C7F-87FE-7D4164794279}.Debug|Any CPU.Build.0 = Debug|Any CPU
		{EABB32AC-D4CF-4C7F-87FE-7D4164794279}.Debug|x64.ActiveCfg = Debug|Any CPU
		{EABB32AC-D4CF-4C7F-87FE-7D4164794279}.Debug|x64.Build.0 = Debug|Any CPU
		{EABB32AC-D4CF-4C7F-87FE-7D4164794279}.Debug|x86.ActiveCfg = Debug|Any CPU
		{EABB32AC-D4CF-4C7F-87FE-7D4164794279}.Debug|x86.Build.0 = Debug|Any CPU
		{EABB32AC-D4CF-4C7F-87FE-7D4164794279}.Release|Any CPU.ActiveCfg = Release|Any CPU
		{EABB32AC-D4CF-4C7F-87FE-7D4164794279}.Release|Any CPU.Build.0 = Release|Any CPU
		{EABB32AC-D4CF-4C7F-87FE-7D4164794279}.Release|x64.ActiveCfg = Release|Any CPU
		{EABB32AC-D4CF-4C7F-87FE-7D4164794279}.Release|x64.Build.0 = Release|Any CPU
		{EABB32AC-D4CF-4C7F-87FE-7D4164794279}.Release|x86.ActiveCfg = Release|Any CPU
		{EABB32AC-D4CF-4C7F-87FE-7D4164794279}.Release|x86.Build.0 = Release|Any CPU
		{351C9B15-BFBC-4CEA-92EA-13B39FE66ED7}.Debug|Any CPU.ActiveCfg = Debug|Any CPU
		{351C9B15-BFBC-4CEA-92EA-13B39FE66ED7}.Debug|Any CPU.Build.0 = Debug|Any CPU
		{351C9B15-BFBC-4CEA-92EA-13B39FE66ED7}.Debug|x64.ActiveCfg = Debug|Any CPU
		{351C9B15-BFBC-4CEA-92EA-13B39FE66ED7}.Debug|x64.Build.0 = Debug|Any CPU
		{351C9B15-BFBC-4CEA-92EA-13B39FE66ED7}.Debug|x86.ActiveCfg = Debug|Any CPU
		{351C9B15-BFBC-4CEA-92EA-13B39FE66ED7}.Debug|x86.Build.0 = Debug|Any CPU
		{351C9B15-BFBC-4CEA-92EA-13B39FE66ED7}.Release|Any CPU.ActiveCfg = Release|Any CPU
		{351C9B15-BFBC-4CEA-92EA-13B39FE66ED7}.Release|Any CPU.Build.0 = Release|Any CPU
		{351C9B15-BFBC-4CEA-92EA-13B39FE66ED7}.Release|x64.ActiveCfg = Release|Any CPU
		{351C9B15-BFBC-4CEA-92EA-13B39FE66ED7}.Release|x64.Build.0 = Release|Any CPU
		{351C9B15-BFBC-4CEA-92EA-13B39FE66ED7}.Release|x86.ActiveCfg = Release|Any CPU
		{351C9B15-BFBC-4CEA-92EA-13B39FE66ED7}.Release|x86.Build.0 = Release|Any CPU
		{74B1C485-3620-486E-9C88-FB0BEAE29DB4}.Debug|Any CPU.ActiveCfg = Debug|Any CPU
		{74B1C485-3620-486E-9C88-FB0BEAE29DB4}.Debug|Any CPU.Build.0 = Debug|Any CPU
		{74B1C485-3620-486E-9C88-FB0BEAE29DB4}.Debug|x64.ActiveCfg = Debug|Any CPU
		{74B1C485-3620-486E-9C88-FB0BEAE29DB4}.Debug|x64.Build.0 = Debug|Any CPU
		{74B1C485-3620-486E-9C88-FB0BEAE29DB4}.Debug|x86.ActiveCfg = Debug|Any CPU
		{74B1C485-3620-486E-9C88-FB0BEAE29DB4}.Debug|x86.Build.0 = Debug|Any CPU
		{74B1C485-3620-486E-9C88-FB0BEAE29DB4}.Release|Any CPU.ActiveCfg = Release|Any CPU
		{74B1C485-3620-486E-9C88-FB0BEAE29DB4}.Release|Any CPU.Build.0 = Release|Any CPU
		{74B1C485-3620-486E-9C88-FB0BEAE29DB4}.Release|x64.ActiveCfg = Release|Any CPU
		{74B1C485-3620-486E-9C88-FB0BEAE29DB4}.Release|x64.Build.0 = Release|Any CPU
		{74B1C485-3620-486E-9C88-FB0BEAE29DB4}.Release|x86.ActiveCfg = Release|Any CPU
		{74B1C485-3620-486E-9C88-FB0BEAE29DB4}.Release|x86.Build.0 = Release|Any CPU
	EndGlobalSection
	GlobalSection(NestedProjects) = preSolution
		{54905CF7-37FA-4FED-AAC7-E98182DA39B8} = {2EDFD3FC-2D47-4A8E-B9DB-0A147BEDDFEE}
		{5CF50406-F0D8-4C4A-AADB-3D5545E307A3} = {2EDFD3FC-2D47-4A8E-B9DB-0A147BEDDFEE}
		{D4E95266-7316-4FAA-9782-27A3A2E029C0} = {2EDFD3FC-2D47-4A8E-B9DB-0A147BEDDFEE}
		{C61A55D4-6AD2-42BD-ACFC-27C808A5067B} = {2EDFD3FC-2D47-4A8E-B9DB-0A147BEDDFEE}
		{9B1F3A3D-A601-4EDA-A982-92B25635958E} = {2EDFD3FC-2D47-4A8E-B9DB-0A147BEDDFEE}
		{BB09FAFE-0350-4AC7-9E4B-E8F2EBDDC13E} = {2EDFD3FC-2D47-4A8E-B9DB-0A147BEDDFEE}
		{98E9F1D7-0980-494C-9582-3AC83FAF17E1} = {7902AD35-1DFC-4B4F-982C-95B3892FBED2}
		{EABB32AC-D4CF-4C7F-87FE-7D4164794279} = {7902AD35-1DFC-4B4F-982C-95B3892FBED2}
		{74B1C485-3620-486E-9C88-FB0BEAE29DB4} = {2EDFD3FC-2D47-4A8E-B9DB-0A147BEDDFEE}
	EndGlobalSection
EndGlobal
