
Microsoft Visual Studio Solution File, Format Version 12.00
# Visual Studio 2012
Project("{FAE04EC0-301F-11D3-BF4B-00C04F79EFBC}") = "Decider.Csp.BaseTypes", "Csp\BaseTypes\Decider.Csp.BaseTypes.csproj", "{E7E1D925-308C-4F53-B06E-51EF3FD9E918}"
EndProject
Project("{FAE04EC0-301F-11D3-BF4B-00C04F79EFBC}") = "Decider.Csp.Integer", "Csp\Integer\Decider.Csp.Integer.csproj", "{DBF302BA-4EC1-462A-BDB7-86CA658B5D7E}"
EndProject
Project("{FAE04EC0-301F-11D3-BF4B-00C04F79EFBC}") = "Decider.Csp.Global.AllDifferentInteger", "Csp\AllDifferentInteger\Decider.Csp.Global.AllDifferentInteger.csproj", "{972097BD-5F21-44E4-8FC5-79BB9F22CDE3}"
EndProject
Project("{FAE04EC0-301F-11D3-BF4B-00C04F79EFBC}") = "Decider.Example.NQueens", "NQueens\Decider.Example.NQueens.csproj", "{4D372ACF-4020-4E66-989B-6B45E5FEEE01}"
EndProject
Project("{FAE04EC0-301F-11D3-BF4B-00C04F79EFBC}") = "Decider.Example.PhaseLockedLoop", "PhaseLockedLoop\Decider.Example.PhaseLockedLoop.csproj", "{844EBCB8-5E97-450F-8491-672E90F0FA44}"
EndProject
Project("{FAE04EC0-301F-11D3-BF4B-00C04F79EFBC}") = "Decider.Example.SendMoreMoney", "SendMoreMoney\Decider.Example.SendMoreMoney.csproj", "{A9EA76A5-4F36-49E5-B635-C396AA3C9D8D}"
EndProject
Global
	GlobalSection(SolutionConfigurationPlatforms) = preSolution
		Debug|Any CPU = Debug|Any CPU
		Debug|Mixed Platforms = Debug|Mixed Platforms
		Debug|x86 = Debug|x86
		Release|Any CPU = Release|Any CPU
		Release|Mixed Platforms = Release|Mixed Platforms
		Release|x86 = Release|x86
	EndGlobalSection
	GlobalSection(ProjectConfigurationPlatforms) = postSolution
		{E7E1D925-308C-4F53-B06E-51EF3FD9E918}.Debug|Any CPU.ActiveCfg = Debug|Any CPU
		{E7E1D925-308C-4F53-B06E-51EF3FD9E918}.Debug|Any CPU.Build.0 = Debug|Any CPU
		{E7E1D925-308C-4F53-B06E-51EF3FD9E918}.Debug|Mixed Platforms.ActiveCfg = Debug|Any CPU
		{E7E1D925-308C-4F53-B06E-51EF3FD9E918}.Debug|Mixed Platforms.Build.0 = Debug|Any CPU
		{E7E1D925-308C-4F53-B06E-51EF3FD9E918}.Debug|x86.ActiveCfg = Debug|Any CPU
		{E7E1D925-308C-4F53-B06E-51EF3FD9E918}.Release|Any CPU.ActiveCfg = Release|Any CPU
		{E7E1D925-308C-4F53-B06E-51EF3FD9E918}.Release|Any CPU.Build.0 = Release|Any CPU
		{E7E1D925-308C-4F53-B06E-51EF3FD9E918}.Release|Mixed Platforms.ActiveCfg = Release|Any CPU
		{E7E1D925-308C-4F53-B06E-51EF3FD9E918}.Release|Mixed Platforms.Build.0 = Release|Any CPU
		{E7E1D925-308C-4F53-B06E-51EF3FD9E918}.Release|x86.ActiveCfg = Release|Any CPU
		{DBF302BA-4EC1-462A-BDB7-86CA658B5D7E}.Debug|Any CPU.ActiveCfg = Debug|x86
		{DBF302BA-4EC1-462A-BDB7-86CA658B5D7E}.Debug|Mixed Platforms.ActiveCfg = Debug|Any CPU
		{DBF302BA-4EC1-462A-BDB7-86CA658B5D7E}.Debug|Mixed Platforms.Build.0 = Debug|Any CPU
		{DBF302BA-4EC1-462A-BDB7-86CA658B5D7E}.Debug|x86.ActiveCfg = Debug|x86
		{DBF302BA-4EC1-462A-BDB7-86CA658B5D7E}.Debug|x86.Build.0 = Debug|x86
		{DBF302BA-4EC1-462A-BDB7-86CA658B5D7E}.Release|Any CPU.ActiveCfg = Release|x86
		{DBF302BA-4EC1-462A-BDB7-86CA658B5D7E}.Release|Mixed Platforms.ActiveCfg = Release|Any CPU
		{DBF302BA-4EC1-462A-BDB7-86CA658B5D7E}.Release|Mixed Platforms.Build.0 = Release|Any CPU
		{DBF302BA-4EC1-462A-BDB7-86CA658B5D7E}.Release|x86.ActiveCfg = Release|x86
		{DBF302BA-4EC1-462A-BDB7-86CA658B5D7E}.Release|x86.Build.0 = Release|x86
		{972097BD-5F21-44E4-8FC5-79BB9F22CDE3}.Debug|Any CPU.ActiveCfg = Debug|Any CPU
		{972097BD-5F21-44E4-8FC5-79BB9F22CDE3}.Debug|Any CPU.Build.0 = Debug|Any CPU
		{972097BD-5F21-44E4-8FC5-79BB9F22CDE3}.Debug|Mixed Platforms.ActiveCfg = Debug|Any CPU
		{972097BD-5F21-44E4-8FC5-79BB9F22CDE3}.Debug|Mixed Platforms.Build.0 = Debug|Any CPU
		{972097BD-5F21-44E4-8FC5-79BB9F22CDE3}.Debug|x86.ActiveCfg = Debug|Any CPU
		{972097BD-5F21-44E4-8FC5-79BB9F22CDE3}.Release|Any CPU.ActiveCfg = Release|Any CPU
		{972097BD-5F21-44E4-8FC5-79BB9F22CDE3}.Release|Any CPU.Build.0 = Release|Any CPU
		{972097BD-5F21-44E4-8FC5-79BB9F22CDE3}.Release|Mixed Platforms.ActiveCfg = Release|Any CPU
		{972097BD-5F21-44E4-8FC5-79BB9F22CDE3}.Release|Mixed Platforms.Build.0 = Release|Any CPU
		{972097BD-5F21-44E4-8FC5-79BB9F22CDE3}.Release|x86.ActiveCfg = Release|Any CPU
		{4D372ACF-4020-4E66-989B-6B45E5FEEE01}.Debug|Any CPU.ActiveCfg = Debug|x86
		{4D372ACF-4020-4E66-989B-6B45E5FEEE01}.Debug|Mixed Platforms.ActiveCfg = Debug|Any CPU
		{4D372ACF-4020-4E66-989B-6B45E5FEEE01}.Debug|Mixed Platforms.Build.0 = Debug|Any CPU
		{4D372ACF-4020-4E66-989B-6B45E5FEEE01}.Debug|x86.ActiveCfg = Debug|x86
		{4D372ACF-4020-4E66-989B-6B45E5FEEE01}.Debug|x86.Build.0 = Debug|x86
		{4D372ACF-4020-4E66-989B-6B45E5FEEE01}.Release|Any CPU.ActiveCfg = Release|x86
		{4D372ACF-4020-4E66-989B-6B45E5FEEE01}.Release|Mixed Platforms.ActiveCfg = Release|Any CPU
		{4D372ACF-4020-4E66-989B-6B45E5FEEE01}.Release|Mixed Platforms.Build.0 = Release|Any CPU
		{4D372ACF-4020-4E66-989B-6B45E5FEEE01}.Release|x86.ActiveCfg = Release|x86
		{4D372ACF-4020-4E66-989B-6B45E5FEEE01}.Release|x86.Build.0 = Release|x86
		{844EBCB8-5E97-450F-8491-672E90F0FA44}.Debug|Any CPU.ActiveCfg = Debug|x86
		{844EBCB8-5E97-450F-8491-672E90F0FA44}.Debug|Mixed Platforms.ActiveCfg = Debug|Any CPU
		{844EBCB8-5E97-450F-8491-672E90F0FA44}.Debug|Mixed Platforms.Build.0 = Debug|Any CPU
		{844EBCB8-5E97-450F-8491-672E90F0FA44}.Debug|x86.ActiveCfg = Debug|x86
		{844EBCB8-5E97-450F-8491-672E90F0FA44}.Debug|x86.Build.0 = Debug|x86
		{844EBCB8-5E97-450F-8491-672E90F0FA44}.Release|Any CPU.ActiveCfg = Release|x86
		{844EBCB8-5E97-450F-8491-672E90F0FA44}.Release|Mixed Platforms.ActiveCfg = Release|Any CPU
		{844EBCB8-5E97-450F-8491-672E90F0FA44}.Release|Mixed Platforms.Build.0 = Release|Any CPU
		{844EBCB8-5E97-450F-8491-672E90F0FA44}.Release|x86.ActiveCfg = Release|x86
		{844EBCB8-5E97-450F-8491-672E90F0FA44}.Release|x86.Build.0 = Release|x86
		{A9EA76A5-4F36-49E5-B635-C396AA3C9D8D}.Debug|Any CPU.ActiveCfg = Debug|x86
		{A9EA76A5-4F36-49E5-B635-C396AA3C9D8D}.Debug|Mixed Platforms.ActiveCfg = Debug|Any CPU
		{A9EA76A5-4F36-49E5-B635-C396AA3C9D8D}.Debug|Mixed Platforms.Build.0 = Debug|Any CPU
		{A9EA76A5-4F36-49E5-B635-C396AA3C9D8D}.Debug|x86.ActiveCfg = Debug|x86
		{A9EA76A5-4F36-49E5-B635-C396AA3C9D8D}.Debug|x86.Build.0 = Debug|x86
		{A9EA76A5-4F36-49E5-B635-C396AA3C9D8D}.Release|Any CPU.ActiveCfg = Release|x86
		{A9EA76A5-4F36-49E5-B635-C396AA3C9D8D}.Release|Mixed Platforms.ActiveCfg = Release|Any CPU
		{A9EA76A5-4F36-49E5-B635-C396AA3C9D8D}.Release|Mixed Platforms.Build.0 = Release|Any CPU
		{A9EA76A5-4F36-49E5-B635-C396AA3C9D8D}.Release|x86.ActiveCfg = Release|x86
		{A9EA76A5-4F36-49E5-B635-C396AA3C9D8D}.Release|x86.Build.0 = Release|x86
	EndGlobalSection
	GlobalSection(SolutionProperties) = preSolution
		HideSolutionNode = FALSE
	EndGlobalSection
EndGlobal
