
Microsoft Visual Studio Solution File, Format Version 12.00
# Visual Studio 15
VisualStudioVersion = 15.0.26124.0
MinimumVisualStudioVersion = 15.0.26124.0
Project("{2150E333-8FDC-42A3-9474-1A3956D46DE8}") = "Examples", "Examples", "{CB6FE830-DAE0-4C3F-A794-38A42E25F59A}"
EndProject
Project("{FAE04EC0-301F-11D3-BF4B-00C04F79EFBC}") = "LeagueGeneration", "Examples\LeagueGeneration\LeagueGeneration.csproj", "{6822CA62-B8D8-47A9-88EE-17A70815EFE5}"
EndProject
Project("{FAE04EC0-301F-11D3-BF4B-00C04F79EFBC}") = "NQueens", "Examples\NQueens\NQueens.csproj", "{4B3738AF-7B22-4BBE-AAA0-9B5704C7FF60}"
EndProject
Project("{FAE04EC0-301F-11D3-BF4B-00C04F79EFBC}") = "Optimisation", "Examples\Optimisation\Optimisation.csproj", "{FE8031FE-5FB1-41C8-A878-C3533DF69117}"
EndProject
Project("{FAE04EC0-301F-11D3-BF4B-00C04F79EFBC}") = "PhaseLockedLoop", "Examples\PhaseLockedLoop\PhaseLockedLoop.csproj", "{3EB10962-D936-43ED-8005-8E575D459FF8}"
EndProject
Project("{FAE04EC0-301F-11D3-BF4B-00C04F79EFBC}") = "SendMoreMoney", "Examples\SendMoreMoney\SendMoreMoney.csproj", "{69C72F8B-F8DC-4E3B-8F11-3101B700B60F}"
EndProject
Project("{FAE04EC0-301F-11D3-BF4B-00C04F79EFBC}") = "TeacherTimetable", "Examples\TeacherTimetable\TeacherTimetable.csproj", "{D0BA7B69-7302-4B09-90DA-7B35F917992A}"
EndProject
Global
	GlobalSection(SolutionConfigurationPlatforms) = preSolution
		Debug|Any CPU = Debug|Any CPU
		Debug|x64 = Debug|x64
		Debug|x86 = Debug|x86
		Release|Any CPU = Release|Any CPU
		Release|x64 = Release|x64
		Release|x86 = Release|x86
	EndGlobalSection
	GlobalSection(SolutionProperties) = preSolution
		HideSolutionNode = FALSE
	EndGlobalSection
	GlobalSection(ProjectConfigurationPlatforms) = postSolution
		{6822CA62-B8D8-47A9-88EE-17A70815EFE5}.Debug|Any CPU.ActiveCfg = Debug|Any CPU
		{6822CA62-B8D8-47A9-88EE-17A70815EFE5}.Debug|Any CPU.Build.0 = Debug|Any CPU
		{6822CA62-B8D8-47A9-88EE-17A70815EFE5}.Debug|x64.ActiveCfg = Debug|Any CPU
		{6822CA62-B8D8-47A9-88EE-17A70815EFE5}.Debug|x64.Build.0 = Debug|Any CPU
		{6822CA62-B8D8-47A9-88EE-17A70815EFE5}.Debug|x86.ActiveCfg = Debug|Any CPU
		{6822CA62-B8D8-47A9-88EE-17A70815EFE5}.Debug|x86.Build.0 = Debug|Any CPU
		{6822CA62-B8D8-47A9-88EE-17A70815EFE5}.Release|Any CPU.ActiveCfg = Release|Any CPU
		{6822CA62-B8D8-47A9-88EE-17A70815EFE5}.Release|Any CPU.Build.0 = Release|Any CPU
		{6822CA62-B8D8-47A9-88EE-17A70815EFE5}.Release|x64.ActiveCfg = Release|Any CPU
		{6822CA62-B8D8-47A9-88EE-17A70815EFE5}.Release|x64.Build.0 = Release|Any CPU
		{6822CA62-B8D8-47A9-88EE-17A70815EFE5}.Release|x86.ActiveCfg = Release|Any CPU
		{6822CA62-B8D8-47A9-88EE-17A70815EFE5}.Release|x86.Build.0 = Release|Any CPU
		{4B3738AF-7B22-4BBE-AAA0-9B5704C7FF60}.Debug|Any CPU.ActiveCfg = Debug|Any CPU
		{4B3738AF-7B22-4BBE-AAA0-9B5704C7FF60}.Debug|Any CPU.Build.0 = Debug|Any CPU
		{4B3738AF-7B22-4BBE-AAA0-9B5704C7FF60}.Debug|x64.ActiveCfg = Debug|Any CPU
		{4B3738AF-7B22-4BBE-AAA0-9B5704C7FF60}.Debug|x64.Build.0 = Debug|Any CPU
		{4B3738AF-7B22-4BBE-AAA0-9B5704C7FF60}.Debug|x86.ActiveCfg = Debug|Any CPU
		{4B3738AF-7B22-4BBE-AAA0-9B5704C7FF60}.Debug|x86.Build.0 = Debug|Any CPU
		{4B3738AF-7B22-4BBE-AAA0-9B5704C7FF60}.Release|Any CPU.ActiveCfg = Release|Any CPU
		{4B3738AF-7B22-4BBE-AAA0-9B5704C7FF60}.Release|Any CPU.Build.0 = Release|Any CPU
		{4B3738AF-7B22-4BBE-AAA0-9B5704C7FF60}.Release|x64.ActiveCfg = Release|Any CPU
		{4B3738AF-7B22-4BBE-AAA0-9B5704C7FF60}.Release|x64.Build.0 = Release|Any CPU
		{4B3738AF-7B22-4BBE-AAA0-9B5704C7FF60}.Release|x86.ActiveCfg = Release|Any CPU
		{4B3738AF-7B22-4BBE-AAA0-9B5704C7FF60}.Release|x86.Build.0 = Release|Any CPU
		{FE8031FE-5FB1-41C8-A878-C3533DF69117}.Debug|Any CPU.ActiveCfg = Debug|Any CPU
		{FE8031FE-5FB1-41C8-A878-C3533DF69117}.Debug|Any CPU.Build.0 = Debug|Any CPU
		{FE8031FE-5FB1-41C8-A878-C3533DF69117}.Debug|x64.ActiveCfg = Debug|Any CPU
		{FE8031FE-5FB1-41C8-A878-C3533DF69117}.Debug|x64.Build.0 = Debug|Any CPU
		{FE8031FE-5FB1-41C8-A878-C3533DF69117}.Debug|x86.ActiveCfg = Debug|Any CPU
		{FE8031FE-5FB1-41C8-A878-C3533DF69117}.Debug|x86.Build.0 = Debug|Any CPU
		{FE8031FE-5FB1-41C8-A878-C3533DF69117}.Release|Any CPU.ActiveCfg = Release|Any CPU
		{FE8031FE-5FB1-41C8-A878-C3533DF69117}.Release|Any CPU.Build.0 = Release|Any CPU
		{FE8031FE-5FB1-41C8-A878-C3533DF69117}.Release|x64.ActiveCfg = Release|Any CPU
		{FE8031FE-5FB1-41C8-A878-C3533DF69117}.Release|x64.Build.0 = Release|Any CPU
		{FE8031FE-5FB1-41C8-A878-C3533DF69117}.Release|x86.ActiveCfg = Release|Any CPU
		{FE8031FE-5FB1-41C8-A878-C3533DF69117}.Release|x86.Build.0 = Release|Any CPU
		{3EB10962-D936-43ED-8005-8E575D459FF8}.Debug|Any CPU.ActiveCfg = Debug|Any CPU
		{3EB10962-D936-43ED-8005-8E575D459FF8}.Debug|Any CPU.Build.0 = Debug|Any CPU
		{3EB10962-D936-43ED-8005-8E575D459FF8}.Debug|x64.ActiveCfg = Debug|Any CPU
		{3EB10962-D936-43ED-8005-8E575D459FF8}.Debug|x64.Build.0 = Debug|Any CPU
		{3EB10962-D936-43ED-8005-8E575D459FF8}.Debug|x86.ActiveCfg = Debug|Any CPU
		{3EB10962-D936-43ED-8005-8E575D459FF8}.Debug|x86.Build.0 = Debug|Any CPU
		{3EB10962-D936-43ED-8005-8E575D459FF8}.Release|Any CPU.ActiveCfg = Release|Any CPU
		{3EB10962-D936-43ED-8005-8E575D459FF8}.Release|Any CPU.Build.0 = Release|Any CPU
		{3EB10962-D936-43ED-8005-8E575D459FF8}.Release|x64.ActiveCfg = Release|Any CPU
		{3EB10962-D936-43ED-8005-8E575D459FF8}.Release|x64.Build.0 = Release|Any CPU
		{3EB10962-D936-43ED-8005-8E575D459FF8}.Release|x86.ActiveCfg = Release|Any CPU
		{3EB10962-D936-43ED-8005-8E575D459FF8}.Release|x86.Build.0 = Release|Any CPU
		{69C72F8B-F8DC-4E3B-8F11-3101B700B60F}.Debug|Any CPU.ActiveCfg = Debug|Any CPU
		{69C72F8B-F8DC-4E3B-8F11-3101B700B60F}.Debug|Any CPU.Build.0 = Debug|Any CPU
		{69C72F8B-F8DC-4E3B-8F11-3101B700B60F}.Debug|x64.ActiveCfg = Debug|Any CPU
		{69C72F8B-F8DC-4E3B-8F11-3101B700B60F}.Debug|x64.Build.0 = Debug|Any CPU
		{69C72F8B-F8DC-4E3B-8F11-3101B700B60F}.Debug|x86.ActiveCfg = Debug|Any CPU
		{69C72F8B-F8DC-4E3B-8F11-3101B700B60F}.Debug|x86.Build.0 = Debug|Any CPU
		{69C72F8B-F8DC-4E3B-8F11-3101B700B60F}.Release|Any CPU.ActiveCfg = Release|Any CPU
		{69C72F8B-F8DC-4E3B-8F11-3101B700B60F}.Release|Any CPU.Build.0 = Release|Any CPU
		{69C72F8B-F8DC-4E3B-8F11-3101B700B60F}.Release|x64.ActiveCfg = Release|Any CPU
		{69C72F8B-F8DC-4E3B-8F11-3101B700B60F}.Release|x64.Build.0 = Release|Any CPU
		{69C72F8B-F8DC-4E3B-8F11-3101B700B60F}.Release|x86.ActiveCfg = Release|Any CPU
		{69C72F8B-F8DC-4E3B-8F11-3101B700B60F}.Release|x86.Build.0 = Release|Any CPU
		{D0BA7B69-7302-4B09-90DA-7B35F917992A}.Debug|Any CPU.ActiveCfg = Debug|Any CPU
		{D0BA7B69-7302-4B09-90DA-7B35F917992A}.Debug|Any CPU.Build.0 = Debug|Any CPU
		{D0BA7B69-7302-4B09-90DA-7B35F917992A}.Debug|x64.ActiveCfg = Debug|Any CPU
		{D0BA7B69-7302-4B09-90DA-7B35F917992A}.Debug|x64.Build.0 = Debug|Any CPU
		{D0BA7B69-7302-4B09-90DA-7B35F917992A}.Debug|x86.ActiveCfg = Debug|Any CPU
		{D0BA7B69-7302-4B09-90DA-7B35F917992A}.Debug|x86.Build.0 = Debug|Any CPU
		{D0BA7B69-7302-4B09-90DA-7B35F917992A}.Release|Any CPU.ActiveCfg = Release|Any CPU
		{D0BA7B69-7302-4B09-90DA-7B35F917992A}.Release|Any CPU.Build.0 = Release|Any CPU
		{D0BA7B69-7302-4B09-90DA-7B35F917992A}.Release|x64.ActiveCfg = Release|Any CPU
		{D0BA7B69-7302-4B09-90DA-7B35F917992A}.Release|x64.Build.0 = Release|Any CPU
		{D0BA7B69-7302-4B09-90DA-7B35F917992A}.Release|x86.ActiveCfg = Release|Any CPU
		{D0BA7B69-7302-4B09-90DA-7B35F917992A}.Release|x86.Build.0 = Release|Any CPU
	EndGlobalSection
	GlobalSection(NestedProjects) = preSolution
		{6822CA62-B8D8-47A9-88EE-17A70815EFE5} = {CB6FE830-DAE0-4C3F-A794-38A42E25F59A}
		{4B3738AF-7B22-4BBE-AAA0-9B5704C7FF60} = {CB6FE830-DAE0-4C3F-A794-38A42E25F59A}
		{FE8031FE-5FB1-41C8-A878-C3533DF69117} = {CB6FE830-DAE0-4C3F-A794-38A42E25F59A}
		{3EB10962-D936-43ED-8005-8E575D459FF8} = {CB6FE830-DAE0-4C3F-A794-38A42E25F59A}
		{69C72F8B-F8DC-4E3B-8F11-3101B700B60F} = {CB6FE830-DAE0-4C3F-A794-38A42E25F59A}
		{D0BA7B69-7302-4B09-90DA-7B35F917992A} = {CB6FE830-DAE0-4C3F-A794-38A42E25F59A}
	EndGlobalSection
EndGlobal
